
Microsoft Visual Studio Solution File, Format Version 11.00
# Visual Studio 2010
Project("{FAE04EC0-301F-11D3-BF4B-00C04F79EFBC}") = "GravDuck", "GravDuck\GravDuck.csproj", "{AAFD4639-7F9C-4576-A184-ED8727F64DD2}"
EndProject
Global
	GlobalSection(SolutionConfigurationPlatforms) = preSolution
		Debug|Any CPU = Debug|Any CPU
		Release|Any CPU = Release|Any CPU
	EndGlobalSection
	GlobalSection(ProjectConfigurationPlatforms) = postSolution
		{AAFD4639-7F9C-4576-A184-ED8727F64DD2}.Debug|Any CPU.ActiveCfg = Debug|Any CPU
		{AAFD4639-7F9C-4576-A184-ED8727F64DD2}.Debug|Any CPU.Build.0 = Debug|Any CPU
		{AAFD4639-7F9C-4576-A184-ED8727F64DD2}.Release|Any CPU.ActiveCfg = Release|Any CPU
		{AAFD4639-7F9C-4576-A184-ED8727F64DD2}.Release|Any CPU.Build.0 = Release|Any CPU
	EndGlobalSection
	GlobalSection(MonoDevelopProperties) = preSolution
		StartupItem = GravDuck\GravDuck.csproj
	EndGlobalSection
EndGlobal
